
Microsoft Visual Studio Solution File, Format Version 12.00
# Visual Studio Version 17
VisualStudioVersion = 17.0.32014.148
MinimumVisualStudioVersion = 10.0.40219.1
Project("{FAE04EC0-301F-11D3-BF4B-00C04F79EFBC}") = "Guia1PED", "Guia1PED\Guia1PED.csproj", "{15FE826F-EEFF-4659-B7CF-5244A1B33F5F}"
EndProject
Global
	GlobalSection(SolutionConfigurationPlatforms) = preSolution
		Debug|Any CPU = Debug|Any CPU
		Release|Any CPU = Release|Any CPU
	EndGlobalSection
	GlobalSection(ProjectConfigurationPlatforms) = postSolution
		{15FE826F-EEFF-4659-B7CF-5244A1B33F5F}.Debug|Any CPU.ActiveCfg = Debug|Any CPU
		{15FE826F-EEFF-4659-B7CF-5244A1B33F5F}.Debug|Any CPU.Build.0 = Debug|Any CPU
		{15FE826F-EEFF-4659-B7CF-5244A1B33F5F}.Release|Any CPU.ActiveCfg = Release|Any CPU
		{15FE826F-EEFF-4659-B7CF-5244A1B33F5F}.Release|Any CPU.Build.0 = Release|Any CPU
	EndGlobalSection
	GlobalSection(SolutionProperties) = preSolution
		HideSolutionNode = FALSE
	EndGlobalSection
	GlobalSection(ExtensibilityGlobals) = postSolution
		SolutionGuid = {B124D5CA-5C45-426D-86FD-D13DF11582D0}
	EndGlobalSection
EndGlobal
